// !$*UTF8*$!
{
	archiveVersion = 1;
	classes = {
	};
	objectVersion = 46;
	objects = {

/* Begin PBXBuildFile section */
		302CAE011E95BEEB0030719B /* AppDelegate.swift in Sources */ = {isa = PBXBuildFile; fileRef = 302CAE001E95BEEB0030719B /* AppDelegate.swift */; };
		302CAE031E95BEEB0030719B /* ViewController.swift in Sources */ = {isa = PBXBuildFile; fileRef = 302CAE021E95BEEB0030719B /* ViewController.swift */; };
		302CAE061E95BEEB0030719B /* Main.storyboard in Resources */ = {isa = PBXBuildFile; fileRef = 302CAE041E95BEEB0030719B /* Main.storyboard */; };
		302CAE081E95BEEB0030719B /* Assets.xcassets in Resources */ = {isa = PBXBuildFile; fileRef = 302CAE071E95BEEB0030719B /* Assets.xcassets */; };
		302CAE0B1E95BEEB0030719B /* LaunchScreen.storyboard in Resources */ = {isa = PBXBuildFile; fileRef = 302CAE091E95BEEB0030719B /* LaunchScreen.storyboard */; };
		302CAE161E95BEEC0030719B /* FoodTrackerTests.swift in Sources */ = {isa = PBXBuildFile; fileRef = 302CAE151E95BEEC0030719B /* FoodTrackerTests.swift */; };
/* End PBXBuildFile section */

/* Begin PBXContainerItemProxy section */
		302CAE121E95BEEC0030719B /* PBXContainerItemProxy */ = {
			isa = PBXContainerItemProxy;
			containerPortal = 302CADF51E95BEEB0030719B /* Project object */;
			proxyType = 1;
			remoteGlobalIDString = 302CADFC1E95BEEB0030719B;
			remoteInfo = FoodTracker;
		};
/* End PBXContainerItemProxy section */

/* Begin PBXFileReference section */
		302CADFD1E95BEEB0030719B /* FoodTracker.app */ = {isa = PBXFileReference; explicitFileType = wrapper.application; includeInIndex = 0; path = FoodTracker.app; sourceTree = BUILT_PRODUCTS_DIR; };
		302CAE001E95BEEB0030719B /* AppDelegate.swift */ = {isa = PBXFileReference; lastKnownFileType = sourcecode.swift; path = AppDelegate.swift; sourceTree = "<group>"; };
		302CAE021E95BEEB0030719B /* ViewController.swift */ = {isa = PBXFileReference; lastKnownFileType = sourcecode.swift; path = ViewController.swift; sourceTree = "<group>"; };
		302CAE051E95BEEB0030719B /* Base */ = {isa = PBXFileReference; lastKnownFileType = file.storyboard; name = Base; path = Base.lproj/Main.storyboard; sourceTree = "<group>"; };
		302CAE071E95BEEB0030719B /* Assets.xcassets */ = {isa = PBXFileReference; lastKnownFileType = folder.assetcatalog; path = Assets.xcassets; sourceTree = "<group>"; };
		302CAE0A1E95BEEB0030719B /* Base */ = {isa = PBXFileReference; lastKnownFileType = file.storyboard; name = Base; path = Base.lproj/LaunchScreen.storyboard; sourceTree = "<group>"; };
		302CAE0C1E95BEEB0030719B /* Info.plist */ = {isa = PBXFileReference; lastKnownFileType = text.plist.xml; path = Info.plist; sourceTree = "<group>"; };
		302CAE111E95BEEC0030719B /* FoodTrackerTests.xctest */ = {isa = PBXFileReference; explicitFileType = wrapper.cfbundle; includeInIndex = 0; path = FoodTrackerTests.xctest; sourceTree = BUILT_PRODUCTS_DIR; };
		302CAE151E95BEEC0030719B /* FoodTrackerTests.swift */ = {isa = PBXFileReference; lastKnownFileType = sourcecode.swift; path = FoodTrackerTests.swift; sourceTree = "<group>"; };
		302CAE171E95BEEC0030719B /* Info.plist */ = {isa = PBXFileReference; lastKnownFileType = text.plist.xml; path = Info.plist; sourceTree = "<group>"; };
/* End PBXFileReference section */

/* Begin PBXFrameworksBuildPhase section */
		302CADFA1E95BEEB0030719B /* Frameworks */ = {
			isa = PBXFrameworksBuildPhase;
			buildActionMask = 2147483647;
			files = (
			);
			runOnlyForDeploymentPostprocessing = 0;
		};
		302CAE0E1E95BEEC0030719B /* Frameworks */ = {
			isa = PBXFrameworksBuildPhase;
			buildActionMask = 2147483647;
			files = (
			);
			runOnlyForDeploymentPostprocessing = 0;
		};
/* End PBXFrameworksBuildPhase section */

/* Begin PBXGroup section */
		302CADF41E95BEEB0030719B = {
			isa = PBXGroup;
			children = (
				302CADFF1E95BEEB0030719B /* FoodTracker */,
				302CAE141E95BEEC0030719B /* FoodTrackerTests */,
				302CADFE1E95BEEB0030719B /* Products */,
			);
			sourceTree = "<group>";
		};
		302CADFE1E95BEEB0030719B /* Products */ = {
			isa = PBXGroup;
			children = (
				302CADFD1E95BEEB0030719B /* FoodTracker.app */,
				302CAE111E95BEEC0030719B /* FoodTrackerTests.xctest */,
			);
			name = Products;
			sourceTree = "<group>";
		};
		302CADFF1E95BEEB0030719B /* FoodTracker */ = {
			isa = PBXGroup;
			children = (
				302CAE001E95BEEB0030719B /* AppDelegate.swift */,
				302CAE021E95BEEB0030719B /* ViewController.swift */,
				302CAE041E95BEEB0030719B /* Main.storyboard */,
				302CAE071E95BEEB0030719B /* Assets.xcassets */,
				302CAE091E95BEEB0030719B /* LaunchScreen.storyboard */,
				302CAE0C1E95BEEB0030719B /* Info.plist */,
			);
			path = FoodTracker;
			sourceTree = "<group>";
		};
		302CAE141E95BEEC0030719B /* FoodTrackerTests */ = {
			isa = PBXGroup;
			children = (
				302CAE151E95BEEC0030719B /* FoodTrackerTests.swift */,
				302CAE171E95BEEC0030719B /* Info.plist */,
			);
			path = FoodTrackerTests;
			sourceTree = "<group>";
		};
/* End PBXGroup section */

/* Begin PBXNativeTarget section */
		302CADFC1E95BEEB0030719B /* FoodTracker */ = {
			isa = PBXNativeTarget;
			buildConfigurationList = 302CAE1A1E95BEEC0030719B /* Build configuration list for PBXNativeTarget "FoodTracker" */;
			buildPhases = (
				302CADF91E95BEEB0030719B /* Sources */,
				302CADFA1E95BEEB0030719B /* Frameworks */,
				302CADFB1E95BEEB0030719B /* Resources */,
			);
			buildRules = (
			);
			dependencies = (
			);
			name = FoodTracker;
			productName = FoodTracker;
			productReference = 302CADFD1E95BEEB0030719B /* FoodTracker.app */;
			productType = "com.apple.product-type.application";
		};
		302CAE101E95BEEC0030719B /* FoodTrackerTests */ = {
			isa = PBXNativeTarget;
			buildConfigurationList = 302CAE1D1E95BEEC0030719B /* Build configuration list for PBXNativeTarget "FoodTrackerTests" */;
			buildPhases = (
				302CAE0D1E95BEEC0030719B /* Sources */,
				302CAE0E1E95BEEC0030719B /* Frameworks */,
				302CAE0F1E95BEEC0030719B /* Resources */,
			);
			buildRules = (
			);
			dependencies = (
				302CAE131E95BEEC0030719B /* PBXTargetDependency */,
			);
			name = FoodTrackerTests;
			productName = FoodTrackerTests;
			productReference = 302CAE111E95BEEC0030719B /* FoodTrackerTests.xctest */;
			productType = "com.apple.product-type.bundle.unit-test";
		};
/* End PBXNativeTarget section */

/* Begin PBXProject section */
		302CADF51E95BEEB0030719B /* Project object */ = {
			isa = PBXProject;
			attributes = {
				LastSwiftUpdateCheck = 0830;
				LastUpgradeCheck = 0830;
				ORGANIZATIONNAME = "Matthew Redenius";
				TargetAttributes = {
					302CADFC1E95BEEB0030719B = {
						CreatedOnToolsVersion = 8.3;
						DevelopmentTeam = AW3CR8KPBN;
						ProvisioningStyle = Automatic;
					};
					302CAE101E95BEEC0030719B = {
						CreatedOnToolsVersion = 8.3;
						ProvisioningStyle = Automatic;
						TestTargetID = 302CADFC1E95BEEB0030719B;
					};
				};
			};
			buildConfigurationList = 302CADF81E95BEEB0030719B /* Build configuration list for PBXProject "FoodTracker" */;
			compatibilityVersion = "Xcode 3.2";
			developmentRegion = English;
			hasScannedForEncodings = 0;
			knownRegions = (
				en,
				Base,
			);
			mainGroup = 302CADF41E95BEEB0030719B;
			productRefGroup = 302CADFE1E95BEEB0030719B /* Products */;
			projectDirPath = "";
			projectRoot = "";
			targets = (
				302CADFC1E95BEEB0030719B /* FoodTracker */,
				302CAE101E95BEEC0030719B /* FoodTrackerTests */,
			);
		};
/* End PBXProject section */

/* Begin PBXResourcesBuildPhase section */
		302CADFB1E95BEEB0030719B /* Resources */ = {
			isa = PBXResourcesBuildPhase;
			buildActionMask = 2147483647;
			files = (
				302CAE0B1E95BEEB0030719B /* LaunchScreen.storyboard in Resources */,
				302CAE081E95BEEB0030719B /* Assets.xcassets in Resources */,
				302CAE061E95BEEB0030719B /* Main.storyboard in Resources */,
			);
			runOnlyForDeploymentPostprocessing = 0;
		};
		302CAE0F1E95BEEC0030719B /* Resources */ = {
			isa = PBXResourcesBuildPhase;
			buildActionMask = 2147483647;
			files = (
			);
			runOnlyForDeploymentPostprocessing = 0;
		};
/* End PBXResourcesBuildPhase section */

/* Begin PBXSourcesBuildPhase section */
		302CADF91E95BEEB0030719B /* Sources */ = {
			isa = PBXSourcesBuildPhase;
			buildActionMask = 2147483647;
			files = (
				302CAE031E95BEEB0030719B /* ViewController.swift in Sources */,
				302CAE011E95BEEB0030719B /* AppDelegate.swift in Sources */,
			);
			runOnlyForDeploymentPostprocessing = 0;
		};
		302CAE0D1E95BEEC0030719B /* Sources */ = {
			isa = PBXSourcesBuildPhase;
			buildActionMask = 2147483647;
			files = (
				302CAE161E95BEEC0030719B /* FoodTrackerTests.swift in Sources */,
			);
			runOnlyForDeploymentPostprocessing = 0;
		};
/* End PBXSourcesBuildPhase section */

/* Begin PBXTargetDependency section */
		302CAE131E95BEEC0030719B /* PBXTargetDependency */ = {
			isa = PBXTargetDependency;
			target = 302CADFC1E95BEEB0030719B /* FoodTracker */;
			targetProxy = 302CAE121E95BEEC0030719B /* PBXContainerItemProxy */;
		};
/* End PBXTargetDependency section */

/* Begin PBXVariantGroup section */
		302CAE041E95BEEB0030719B /* Main.storyboard */ = {
			isa = PBXVariantGroup;
			children = (
				302CAE051E95BEEB0030719B /* Base */,
			);
			name = Main.storyboard;
			sourceTree = "<group>";
		};
		302CAE091E95BEEB0030719B /* LaunchScreen.storyboard */ = {
			isa = PBXVariantGroup;
			children = (
				302CAE0A1E95BEEB0030719B /* Base */,
			);
			name = LaunchScreen.storyboard;
			sourceTree = "<group>";
		};
/* End PBXVariantGroup section */

/* Begin XCBuildConfiguration section */
		302CAE181E95BEEC0030719B /* Debug */ = {
			isa = XCBuildConfiguration;
			buildSettings = {
				ALWAYS_SEARCH_USER_PATHS = NO;
				CLANG_ANALYZER_NONNULL = YES;
				CLANG_ANALYZER_NUMBER_OBJECT_CONVERSION = YES_AGGRESSIVE;
				CLANG_CXX_LANGUAGE_STANDARD = "gnu++0x";
				CLANG_CXX_LIBRARY = "libc++";
				CLANG_ENABLE_MODULES = YES;
				CLANG_ENABLE_OBJC_ARC = YES;
				CLANG_WARN_BOOL_CONVERSION = YES;
				CLANG_WARN_CONSTANT_CONVERSION = YES;
				CLANG_WARN_DIRECT_OBJC_ISA_USAGE = YES_ERROR;
				CLANG_WARN_DOCUMENTATION_COMMENTS = YES;
				CLANG_WARN_EMPTY_BODY = YES;
				CLANG_WARN_ENUM_CONVERSION = YES;
				CLANG_WARN_INFINITE_RECURSION = YES;
				CLANG_WARN_INT_CONVERSION = YES;
				CLANG_WARN_OBJC_ROOT_CLASS = YES_ERROR;
				CLANG_WARN_SUSPICIOUS_MOVE = YES;
				CLANG_WARN_UNREACHABLE_CODE = YES;
				CLANG_WARN__DUPLICATE_METHOD_MATCH = YES;
				"CODE_SIGN_IDENTITY[sdk=iphoneos*]" = "iPhone Developer";
				COPY_PHASE_STRIP = NO;
				DEBUG_INFORMATION_FORMAT = dwarf;
				ENABLE_STRICT_OBJC_MSGSEND = YES;
				ENABLE_TESTABILITY = YES;
				GCC_C_LANGUAGE_STANDARD = gnu99;
				GCC_DYNAMIC_NO_PIC = NO;
				GCC_NO_COMMON_BLOCKS = YES;
				GCC_OPTIMIZATION_LEVEL = 0;
				GCC_PREPROCESSOR_DEFINITIONS = (
					"DEBUG=1",
					"$(inherited)",
				);
				GCC_WARN_64_TO_32_BIT_CONVERSION = YES;
				GCC_WARN_ABOUT_RETURN_TYPE = YES_ERROR;
				GCC_WARN_UNDECLARED_SELECTOR = YES;
				GCC_WARN_UNINITIALIZED_AUTOS = YES_AGGRESSIVE;
				GCC_WARN_UNUSED_FUNCTION = YES;
				GCC_WARN_UNUSED_VARIABLE = YES;
				IPHONEOS_DEPLOYMENT_TARGET = 10.3;
				MTL_ENABLE_DEBUG_INFO = YES;
				ONLY_ACTIVE_ARCH = YES;
				SDKROOT = iphoneos;
				SWIFT_ACTIVE_COMPILATION_CONDITIONS = DEBUG;
				SWIFT_OPTIMIZATION_LEVEL = "-Onone";
				TARGETED_DEVICE_FAMILY = "1,2";
			};
			name = Debug;
		};
		302CAE191E95BEEC0030719B /* Release */ = {
			isa = XCBuildConfiguration;
			buildSettings = {
				ALWAYS_SEARCH_USER_PATHS = NO;
				CLANG_ANALYZER_NONNULL = YES;
				CLANG_ANALYZER_NUMBER_OBJECT_CONVERSION = YES_AGGRESSIVE;
				CLANG_CXX_LANGUAGE_STANDARD = "gnu++0x";
				CLANG_CXX_LIBRARY = "libc++";
				CLANG_ENABLE_MODULES = YES;
				CLANG_ENABLE_OBJC_ARC = YES;
				CLANG_WARN_BOOL_CONVERSION = YES;
				CLANG_WARN_CONSTANT_CONVERSION = YES;
				CLANG_WARN_DIRECT_OBJC_ISA_USAGE = YES_ERROR;
				CLANG_WARN_DOCUMENTATION_COMMENTS = YES;
				CLANG_WARN_EMPTY_BODY = YES;
				CLANG_WARN_ENUM_CONVERSION = YES;
				CLANG_WARN_INFINITE_RECURSION = YES;
				CLANG_WARN_INT_CONVERSION = YES;
				CLANG_WARN_OBJC_ROOT_CLASS = YES_ERROR;
				CLANG_WARN_SUSPICIOUS_MOVE = YES;
				CLANG_WARN_UNREACHABLE_CODE = YES;
				CLANG_WARN__DUPLICATE_METHOD_MATCH = YES;
				"CODE_SIGN_IDENTITY[sdk=iphoneos*]" = "iPhone Developer";
				COPY_PHASE_STRIP = NO;
				DEBUG_INFORMATION_FORMAT = "dwarf-with-dsym";
				ENABLE_NS_ASSERTIONS = NO;
				ENABLE_STRICT_OBJC_MSGSEND = YES;
				GCC_C_LANGUAGE_STANDARD = gnu99;
				GCC_NO_COMMON_BLOCKS = YES;
				GCC_WARN_64_TO_32_BIT_CONVERSION = YES;
				GCC_WARN_ABOUT_RETURN_TYPE = YES_ERROR;
				GCC_WARN_UNDECLARED_SELECTOR = YES;
				GCC_WARN_UNINITIALIZED_AUTOS = YES_AGGRESSIVE;
				GCC_WARN_UNUSED_FUNCTION = YES;
				GCC_WARN_UNUSED_VARIABLE = YES;
				IPHONEOS_DEPLOYMENT_TARGET = 10.3;
				MTL_ENABLE_DEBUG_INFO = NO;
				SDKROOT = iphoneos;
				SWIFT_OPTIMIZATION_LEVEL = "-Owholemodule";
				TARGETED_DEVICE_FAMILY = "1,2";
				VALIDATE_PRODUCT = YES;
			};
			name = Release;
		};
		302CAE1B1E95BEEC0030719B /* Debug */ = {
			isa = XCBuildConfiguration;
			buildSettings = {
				ASSETCATALOG_COMPILER_APPICON_NAME = AppIcon;
				DEVELOPMENT_TEAM = AW3CR8KPBN;
				INFOPLIST_FILE = FoodTracker/Info.plist;
				LD_RUNPATH_SEARCH_PATHS = "$(inherited) @executable_path/Frameworks";
				PRODUCT_BUNDLE_IDENTIFIER = com.mrede003.yourmother.FoodTracker;
				PRODUCT_NAME = "$(TARGET_NAME)";
				SWIFT_VERSION = 3.0;
			};
			name = Debug;
		};
		302CAE1C1E95BEEC0030719B /* Release */ = {
			isa = XCBuildConfiguration;
			buildSettings = {
				ASSETCATALOG_COMPILER_APPICON_NAME = AppIcon;
				DEVELOPMENT_TEAM = AW3CR8KPBN;
				INFOPLIST_FILE = FoodTracker/Info.plist;
				LD_RUNPATH_SEARCH_PATHS = "$(inherited) @executable_path/Frameworks";
				PRODUCT_BUNDLE_IDENTIFIER = com.mrede003.yourmother.FoodTracker;
				PRODUCT_NAME = "$(TARGET_NAME)";
				SWIFT_VERSION = 3.0;
			};
			name = Release;
		};
		302CAE1E1E95BEEC0030719B /* Debug */ = {
			isa = XCBuildConfiguration;
			buildSettings = {
				ALWAYS_EMBED_SWIFT_STANDARD_LIBRARIES = YES;
				BUNDLE_LOADER = "$(TEST_HOST)";
				INFOPLIST_FILE = FoodTrackerTests/Info.plist;
				LD_RUNPATH_SEARCH_PATHS = "$(inherited) @executable_path/Frameworks @loader_path/Frameworks";
				PRODUCT_BUNDLE_IDENTIFIER = com.mrede003.yourmother.FoodTrackerTests;
				PRODUCT_NAME = "$(TARGET_NAME)";
				SWIFT_VERSION = 3.0;
				TEST_HOST = "$(BUILT_PRODUCTS_DIR)/FoodTracker.app/FoodTracker";
			};
			name = Debug;
		};
		302CAE1F1E95BEEC0030719B /* Release */ = {
			isa = XCBuildConfiguration;
			buildSettings = {
				ALWAYS_EMBED_SWIFT_STANDARD_LIBRARIES = YES;
				BUNDLE_LOADER = "$(TEST_HOST)";
				INFOPLIST_FILE = FoodTrackerTests/Info.plist;
				LD_RUNPATH_SEARCH_PATHS = "$(inherited) @executable_path/Frameworks @loader_path/Frameworks";
				PRODUCT_BUNDLE_IDENTIFIER = com.mrede003.yourmother.FoodTrackerTests;
				PRODUCT_NAME = "$(TARGET_NAME)";
				SWIFT_VERSION = 3.0;
				TEST_HOST = "$(BUILT_PRODUCTS_DIR)/FoodTracker.app/FoodTracker";
			};
			name = Release;
		};
/* End XCBuildConfiguration section */

/* Begin XCConfigurationList section */
		302CADF81E95BEEB0030719B /* Build configuration list for PBXProject "FoodTracker" */ = {
			isa = XCConfigurationList;
			buildConfigurations = (
				302CAE181E95BEEC0030719B /* Debug */,
				302CAE191E95BEEC0030719B /* Release */,
			);
			defaultConfigurationIsVisible = 0;
			defaultConfigurationName = Release;
		};
		302CAE1A1E95BEEC0030719B /* Build configuration list for PBXNativeTarget "FoodTracker" */ = {
			isa = XCConfigurationList;
			buildConfigurations = (
				302CAE1B1E95BEEC0030719B /* Debug */,
				302CAE1C1E95BEEC0030719B /* Release */,
			);
			defaultConfigurationIsVisible = 0;
			defaultConfigurationName = Release;
		};
		302CAE1D1E95BEEC0030719B /* Build configuration list for PBXNativeTarget "FoodTrackerTests" */ = {
			isa = XCConfigurationList;
			buildConfigurations = (
				302CAE1E1E95BEEC0030719B /* Debug */,
				302CAE1F1E95BEEC0030719B /* Release */,
			);
			defaultConfigurationIsVisible = 0;
			defaultConfigurationName = Release;
		};
/* End XCConfigurationList section */
	};
	rootObject = 302CADF51E95BEEB0030719B /* Project object */;
}
